
Microsoft Visual Studio Solution File, Format Version 12.00
Project("{2150E333-8FDC-42A3-9474-1A3956D46DE8}") = "src", "src", "{CA7235E3-72A0-4E05-AD2E-0F607A09D527}"
EndProject
Project("{2150E333-8FDC-42A3-9474-1A3956D46DE8}") = "tests", "tests", "{D0145EAD-CA78-4119-8960-0AA1FFC56C94}"
EndProject
Project("{FAE04EC0-301F-11D3-BF4B-00C04F79EFBC}") = "NPKOptimizer", "src\NPKOptimizer\NPKOptimizer.csproj", "{FAE126EB-5E80-40C0-BC23-70C288F23837}"
EndProject
Project("{FAE04EC0-301F-11D3-BF4B-00C04F79EFBC}") = "NPKOptimizer.Tests", "tests\NPKOptimizerTests\NPKOptimizer.Tests.csproj", "{07930D58-DCEF-4072-925F-05AA7A8B5DFA}"
EndProject
Project("{FAE04EC0-301F-11D3-BF4B-00C04F79EFBC}") = "NPKOptimizerCalc.Tests", "tests\NPKOptimizerCalc.Tests\NPKOptimizerCalc.Tests.csproj", "{6BA2E473-6ACE-484D-ABFA-D06556565815}"
EndProject
Project("{FAE04EC0-301F-11D3-BF4B-00C04F79EFBC}") = "NPKOptimizerCalc", "src\NPKOptimizerCalc\NPKOptimizerCalc.csproj", "{2B4419CA-CCE4-4A11-84E1-49F747BA83FE}"
EndProject
Global
	GlobalSection(SolutionConfigurationPlatforms) = preSolution
		Debug|Any CPU = Debug|Any CPU
		Release|Any CPU = Release|Any CPU
	EndGlobalSection
	GlobalSection(NestedProjects) = preSolution
		{FAE126EB-5E80-40C0-BC23-70C288F23837} = {CA7235E3-72A0-4E05-AD2E-0F607A09D527}
		{07930D58-DCEF-4072-925F-05AA7A8B5DFA} = {D0145EAD-CA78-4119-8960-0AA1FFC56C94}
		{6BA2E473-6ACE-484D-ABFA-D06556565815} = {D0145EAD-CA78-4119-8960-0AA1FFC56C94}
		{2B4419CA-CCE4-4A11-84E1-49F747BA83FE} = {CA7235E3-72A0-4E05-AD2E-0F607A09D527}
	EndGlobalSection
	GlobalSection(ProjectConfigurationPlatforms) = postSolution
		{FAE126EB-5E80-40C0-BC23-70C288F23837}.Debug|Any CPU.ActiveCfg = Debug|Any CPU
		{FAE126EB-5E80-40C0-BC23-70C288F23837}.Debug|Any CPU.Build.0 = Debug|Any CPU
		{FAE126EB-5E80-40C0-BC23-70C288F23837}.Release|Any CPU.ActiveCfg = Release|Any CPU
		{FAE126EB-5E80-40C0-BC23-70C288F23837}.Release|Any CPU.Build.0 = Release|Any CPU
		{07930D58-DCEF-4072-925F-05AA7A8B5DFA}.Debug|Any CPU.ActiveCfg = Debug|Any CPU
		{07930D58-DCEF-4072-925F-05AA7A8B5DFA}.Debug|Any CPU.Build.0 = Debug|Any CPU
		{07930D58-DCEF-4072-925F-05AA7A8B5DFA}.Release|Any CPU.ActiveCfg = Release|Any CPU
		{07930D58-DCEF-4072-925F-05AA7A8B5DFA}.Release|Any CPU.Build.0 = Release|Any CPU
		{6BA2E473-6ACE-484D-ABFA-D06556565815}.Debug|Any CPU.ActiveCfg = Debug|Any CPU
		{6BA2E473-6ACE-484D-ABFA-D06556565815}.Debug|Any CPU.Build.0 = Debug|Any CPU
		{6BA2E473-6ACE-484D-ABFA-D06556565815}.Release|Any CPU.ActiveCfg = Release|Any CPU
		{6BA2E473-6ACE-484D-ABFA-D06556565815}.Release|Any CPU.Build.0 = Release|Any CPU
		{2B4419CA-CCE4-4A11-84E1-49F747BA83FE}.Debug|Any CPU.ActiveCfg = Debug|Any CPU
		{2B4419CA-CCE4-4A11-84E1-49F747BA83FE}.Debug|Any CPU.Build.0 = Debug|Any CPU
		{2B4419CA-CCE4-4A11-84E1-49F747BA83FE}.Release|Any CPU.ActiveCfg = Release|Any CPU
		{2B4419CA-CCE4-4A11-84E1-49F747BA83FE}.Release|Any CPU.Build.0 = Release|Any CPU
	EndGlobalSection
EndGlobal
