
Microsoft Visual Studio Solution File, Format Version 12.00
Project("{2150E333-8FDC-42A3-9474-1A3956D46DE8}") = "src", "src", "{CA7235E3-72A0-4E05-AD2E-0F607A09D527}"
EndProject
Project("{2150E333-8FDC-42A3-9474-1A3956D46DE8}") = "tests", "tests", "{D0145EAD-CA78-4119-8960-0AA1FFC56C94}"
EndProject
Project("{FAE04EC0-301F-11D3-BF4B-00C04F79EFBC}") = "NPKTools.Optimizer", "src\NPKTools.Optimizer\NPKTools.Optimizer.csproj", "{FAE126EB-5E80-40C0-BC23-70C288F23837}"
EndProject
Project("{FAE04EC0-301F-11D3-BF4B-00C04F79EFBC}") = "NPKTools.Core", "src\NPKTools.Core\NPKTools.Core.csproj", "{97AD0DA4-EE35-44D7-BBD4-9C4A2E306769}"
EndProject
Project("{FAE04EC0-301F-11D3-BF4B-00C04F79EFBC}") = "NPKTools.PPMCalc", "src\NPKTools.PPMCalc\NPKTools.PPMCalc.csproj", "{7134B1DB-728A-458E-BC12-E141AE1B7501}"
EndProject
Project("{FAE04EC0-301F-11D3-BF4B-00C04F79EFBC}") = "NPKTools.Optimizer.PpmTargetParser", "src\NPKTools.Optimizer.PpmTargetParser\NPKTools.Optimizer.PpmTargetParser.csproj", "{FC3C5917-A2D5-4C91-B179-C20C62677369}"
EndProject
Project("{FAE04EC0-301F-11D3-BF4B-00C04F79EFBC}") = "NPKTools.Optimizer.Preset", "src\NPKTools.Optimizer.Preset\NPKTools.Optimizer.Preset.csproj", "{2DA4CF82-BB7C-4AF9-AB82-D9DA0EFDBDD1}"
EndProject
Project("{FAE04EC0-301F-11D3-BF4B-00C04F79EFBC}") = "NPKTools.Core.Tests", "tests\NPKTools.Core.Tests\NPKTools.Core.Tests.csproj", "{89A2F9EF-9E97-485C-983E-9C2087201CB4}"
EndProject
Project("{FAE04EC0-301F-11D3-BF4B-00C04F79EFBC}") = "NPKTools.Optimizer.Tests", "tests\NPKTools.Optimizer.Tests\NPKTools.Optimizer.Tests.csproj", "{44E736B7-32C0-4B97-9289-7C291589D0D7}"
EndProject
Project("{FAE04EC0-301F-11D3-BF4B-00C04F79EFBC}") = "NPKTools.Optimizer.PpmTargetParser.Tests", "tests\NPKTools.Optimizer.PpmTargetParser.Tests\NPKTools.Optimizer.PpmTargetParser.Tests.csproj", "{37B66695-1788-4F5E-B9EF-5BDB7387BB6D}"
EndProject
Project("{FAE04EC0-301F-11D3-BF4B-00C04F79EFBC}") = "NPKTools.Optimizer.Preset.Tests", "tests\NPKTools.Optimizer.Preset.Tests\NPKTools.Optimizer.Preset.Tests.csproj", "{1590754E-BFF1-44E0-8C2F-F2976F429047}"
EndProject
Project("{FAE04EC0-301F-11D3-BF4B-00C04F79EFBC}") = "NPKTools.PPMCalc.Tests", "tests\NPKTools.PPMCalc.Tests\NPKTools.PPMCalc.Tests.csproj", "{004F5E4B-1833-469D-A56A-93F1821F131E}"
EndProject
Project("{FAE04EC0-301F-11D3-BF4B-00C04F79EFBC}") = "NPKTools.IntegrationTests", "tests\NPKTools.IntegrationTests\NPKTools.IntegrationTests.csproj", "{8D7F42DB-9F95-4351-BB44-4B485185068C}"
EndProject
Global
	GlobalSection(SolutionConfigurationPlatforms) = preSolution
		Debug|Any CPU = Debug|Any CPU
		Release|Any CPU = Release|Any CPU
	EndGlobalSection
	GlobalSection(NestedProjects) = preSolution
		{FAE126EB-5E80-40C0-BC23-70C288F23837} = {CA7235E3-72A0-4E05-AD2E-0F607A09D527}
		{97AD0DA4-EE35-44D7-BBD4-9C4A2E306769} = {CA7235E3-72A0-4E05-AD2E-0F607A09D527}
		{7134B1DB-728A-458E-BC12-E141AE1B7501} = {CA7235E3-72A0-4E05-AD2E-0F607A09D527}
		{FC3C5917-A2D5-4C91-B179-C20C62677369} = {CA7235E3-72A0-4E05-AD2E-0F607A09D527}
		{2DA4CF82-BB7C-4AF9-AB82-D9DA0EFDBDD1} = {CA7235E3-72A0-4E05-AD2E-0F607A09D527}
		{89A2F9EF-9E97-485C-983E-9C2087201CB4} = {D0145EAD-CA78-4119-8960-0AA1FFC56C94}
		{44E736B7-32C0-4B97-9289-7C291589D0D7} = {D0145EAD-CA78-4119-8960-0AA1FFC56C94}
		{37B66695-1788-4F5E-B9EF-5BDB7387BB6D} = {D0145EAD-CA78-4119-8960-0AA1FFC56C94}
		{1590754E-BFF1-44E0-8C2F-F2976F429047} = {D0145EAD-CA78-4119-8960-0AA1FFC56C94}
		{004F5E4B-1833-469D-A56A-93F1821F131E} = {D0145EAD-CA78-4119-8960-0AA1FFC56C94}
		{8D7F42DB-9F95-4351-BB44-4B485185068C} = {D0145EAD-CA78-4119-8960-0AA1FFC56C94}
	EndGlobalSection
	GlobalSection(ProjectConfigurationPlatforms) = postSolution
		{FAE126EB-5E80-40C0-BC23-70C288F23837}.Debug|Any CPU.ActiveCfg = Debug|Any CPU
		{FAE126EB-5E80-40C0-BC23-70C288F23837}.Debug|Any CPU.Build.0 = Debug|Any CPU
		{FAE126EB-5E80-40C0-BC23-70C288F23837}.Release|Any CPU.ActiveCfg = Release|Any CPU
		{FAE126EB-5E80-40C0-BC23-70C288F23837}.Release|Any CPU.Build.0 = Release|Any CPU
		{97AD0DA4-EE35-44D7-BBD4-9C4A2E306769}.Debug|Any CPU.ActiveCfg = Debug|Any CPU
		{97AD0DA4-EE35-44D7-BBD4-9C4A2E306769}.Debug|Any CPU.Build.0 = Debug|Any CPU
		{97AD0DA4-EE35-44D7-BBD4-9C4A2E306769}.Release|Any CPU.ActiveCfg = Release|Any CPU
		{97AD0DA4-EE35-44D7-BBD4-9C4A2E306769}.Release|Any CPU.Build.0 = Release|Any CPU
		{7134B1DB-728A-458E-BC12-E141AE1B7501}.Debug|Any CPU.ActiveCfg = Debug|Any CPU
		{7134B1DB-728A-458E-BC12-E141AE1B7501}.Debug|Any CPU.Build.0 = Debug|Any CPU
		{7134B1DB-728A-458E-BC12-E141AE1B7501}.Release|Any CPU.ActiveCfg = Release|Any CPU
		{7134B1DB-728A-458E-BC12-E141AE1B7501}.Release|Any CPU.Build.0 = Release|Any CPU
		{FC3C5917-A2D5-4C91-B179-C20C62677369}.Debug|Any CPU.ActiveCfg = Debug|Any CPU
		{FC3C5917-A2D5-4C91-B179-C20C62677369}.Debug|Any CPU.Build.0 = Debug|Any CPU
		{FC3C5917-A2D5-4C91-B179-C20C62677369}.Release|Any CPU.ActiveCfg = Release|Any CPU
		{FC3C5917-A2D5-4C91-B179-C20C62677369}.Release|Any CPU.Build.0 = Release|Any CPU
		{2DA4CF82-BB7C-4AF9-AB82-D9DA0EFDBDD1}.Debug|Any CPU.ActiveCfg = Debug|Any CPU
		{2DA4CF82-BB7C-4AF9-AB82-D9DA0EFDBDD1}.Debug|Any CPU.Build.0 = Debug|Any CPU
		{2DA4CF82-BB7C-4AF9-AB82-D9DA0EFDBDD1}.Release|Any CPU.ActiveCfg = Release|Any CPU
		{2DA4CF82-BB7C-4AF9-AB82-D9DA0EFDBDD1}.Release|Any CPU.Build.0 = Release|Any CPU
		{89A2F9EF-9E97-485C-983E-9C2087201CB4}.Debug|Any CPU.ActiveCfg = Debug|Any CPU
		{89A2F9EF-9E97-485C-983E-9C2087201CB4}.Debug|Any CPU.Build.0 = Debug|Any CPU
		{89A2F9EF-9E97-485C-983E-9C2087201CB4}.Release|Any CPU.ActiveCfg = Release|Any CPU
		{89A2F9EF-9E97-485C-983E-9C2087201CB4}.Release|Any CPU.Build.0 = Release|Any CPU
		{44E736B7-32C0-4B97-9289-7C291589D0D7}.Debug|Any CPU.ActiveCfg = Debug|Any CPU
		{44E736B7-32C0-4B97-9289-7C291589D0D7}.Debug|Any CPU.Build.0 = Debug|Any CPU
		{44E736B7-32C0-4B97-9289-7C291589D0D7}.Release|Any CPU.ActiveCfg = Release|Any CPU
		{44E736B7-32C0-4B97-9289-7C291589D0D7}.Release|Any CPU.Build.0 = Release|Any CPU
		{37B66695-1788-4F5E-B9EF-5BDB7387BB6D}.Debug|Any CPU.ActiveCfg = Debug|Any CPU
		{37B66695-1788-4F5E-B9EF-5BDB7387BB6D}.Debug|Any CPU.Build.0 = Debug|Any CPU
		{37B66695-1788-4F5E-B9EF-5BDB7387BB6D}.Release|Any CPU.ActiveCfg = Release|Any CPU
		{37B66695-1788-4F5E-B9EF-5BDB7387BB6D}.Release|Any CPU.Build.0 = Release|Any CPU
		{1590754E-BFF1-44E0-8C2F-F2976F429047}.Debug|Any CPU.ActiveCfg = Debug|Any CPU
		{1590754E-BFF1-44E0-8C2F-F2976F429047}.Debug|Any CPU.Build.0 = Debug|Any CPU
		{1590754E-BFF1-44E0-8C2F-F2976F429047}.Release|Any CPU.ActiveCfg = Release|Any CPU
		{1590754E-BFF1-44E0-8C2F-F2976F429047}.Release|Any CPU.Build.0 = Release|Any CPU
		{004F5E4B-1833-469D-A56A-93F1821F131E}.Debug|Any CPU.ActiveCfg = Debug|Any CPU
		{004F5E4B-1833-469D-A56A-93F1821F131E}.Debug|Any CPU.Build.0 = Debug|Any CPU
		{004F5E4B-1833-469D-A56A-93F1821F131E}.Release|Any CPU.ActiveCfg = Release|Any CPU
		{004F5E4B-1833-469D-A56A-93F1821F131E}.Release|Any CPU.Build.0 = Release|Any CPU
		{8D7F42DB-9F95-4351-BB44-4B485185068C}.Debug|Any CPU.ActiveCfg = Debug|Any CPU
		{8D7F42DB-9F95-4351-BB44-4B485185068C}.Debug|Any CPU.Build.0 = Debug|Any CPU
		{8D7F42DB-9F95-4351-BB44-4B485185068C}.Release|Any CPU.ActiveCfg = Release|Any CPU
		{8D7F42DB-9F95-4351-BB44-4B485185068C}.Release|Any CPU.Build.0 = Release|Any CPU
	EndGlobalSection
EndGlobal
